#MicroXplorer Configuration settings - do not modify
ADC1.Channel-0\#ChannelRegularConversion=ADC_CHANNEL_6
ADC1.IPParameters=Rank-0\#ChannelRegularConversion,Channel-0\#ChannelRegularConversion,SamplingTime-0\#ChannelRegularConversion,OffsetNumber-0\#ChannelRegularConversion,NbrOfConversionFlag,master
ADC1.NbrOfConversionFlag=1
ADC1.OffsetNumber-0\#ChannelRegularConversion=ADC_OFFSET_NONE
ADC1.Rank-0\#ChannelRegularConversion=1
ADC1.SamplingTime-0\#ChannelRegularConversion=ADC_SAMPLETIME_2CYCLES_5
ADC1.master=1
DAC1.DAC_Channel-DAC_OUT2=DAC_CHANNEL_2
DAC1.IPParameters=DAC_Channel-DAC_OUT2
Dma.Request0=UCPD1_TX
Dma.Request1=UCPD1_RX
Dma.RequestsNb=2
Dma.UCPD1_RX.1.Direction=DMA_PERIPH_TO_MEMORY
Dma.UCPD1_RX.1.EventEnable=DISABLE
Dma.UCPD1_RX.1.Instance=DMA1_Channel2
Dma.UCPD1_RX.1.MemDataAlignment=DMA_MDATAALIGN_BYTE
Dma.UCPD1_RX.1.MemInc=DMA_MINC_ENABLE
Dma.UCPD1_RX.1.Mode=DMA_NORMAL
Dma.UCPD1_RX.1.PeriphDataAlignment=DMA_PDATAALIGN_BYTE
Dma.UCPD1_RX.1.PeriphInc=DMA_PINC_DISABLE
Dma.UCPD1_RX.1.Polarity=HAL_DMAMUX_REQ_GEN_RISING
Dma.UCPD1_RX.1.Priority=DMA_PRIORITY_LOW
Dma.UCPD1_RX.1.RequestNumber=1
Dma.UCPD1_RX.1.RequestParameters=Instance,Direction,PeriphInc,MemInc,PeriphDataAlignment,MemDataAlignment,Mode,Priority,SignalID,Polarity,RequestNumber,SyncSignalID,SyncPolarity,SyncEnable,EventEnable,SyncRequestNumber
Dma.UCPD1_RX.1.SignalID=NONE
Dma.UCPD1_RX.1.SyncEnable=DISABLE
Dma.UCPD1_RX.1.SyncPolarity=HAL_DMAMUX_SYNC_NO_EVENT
Dma.UCPD1_RX.1.SyncRequestNumber=1
Dma.UCPD1_RX.1.SyncSignalID=NONE
Dma.UCPD1_TX.0.Direction=DMA_MEMORY_TO_PERIPH
Dma.UCPD1_TX.0.EventEnable=DISABLE
Dma.UCPD1_TX.0.Instance=DMA1_Channel1
Dma.UCPD1_TX.0.MemDataAlignment=DMA_MDATAALIGN_BYTE
Dma.UCPD1_TX.0.MemInc=DMA_MINC_ENABLE
Dma.UCPD1_TX.0.Mode=DMA_NORMAL
Dma.UCPD1_TX.0.PeriphDataAlignment=DMA_PDATAALIGN_BYTE
Dma.UCPD1_TX.0.PeriphInc=DMA_PINC_DISABLE
Dma.UCPD1_TX.0.Polarity=HAL_DMAMUX_REQ_GEN_RISING
Dma.UCPD1_TX.0.Priority=DMA_PRIORITY_LOW
Dma.UCPD1_TX.0.RequestNumber=1
Dma.UCPD1_TX.0.RequestParameters=Instance,Direction,PeriphInc,MemInc,PeriphDataAlignment,MemDataAlignment,Mode,Priority,SignalID,Polarity,RequestNumber,SyncSignalID,SyncPolarity,SyncEnable,EventEnable,SyncRequestNumber
Dma.UCPD1_TX.0.SignalID=NONE
Dma.UCPD1_TX.0.SyncEnable=DISABLE
Dma.UCPD1_TX.0.SyncPolarity=HAL_DMAMUX_SYNC_NO_EVENT
Dma.UCPD1_TX.0.SyncRequestNumber=1
Dma.UCPD1_TX.0.SyncSignalID=NONE
File.Version=6
GPIO.groupedBy=Group By Peripherals
KeepUserPlacement=false
Mcu.Family=STM32G4
Mcu.IP0=ADC1
Mcu.IP1=DAC1
Mcu.IP10=SAI1
Mcu.IP11=SPI2
Mcu.IP12=SPI3
Mcu.IP13=SYS
Mcu.IP14=TIM2
Mcu.IP15=TIM4
Mcu.IP16=TIM17
Mcu.IP17=UCPD1
Mcu.IP18=USART1
Mcu.IP19=USART2
Mcu.IP2=DMA
Mcu.IP20=USART3
Mcu.IP21=USB
Mcu.IP22=USBPD
Mcu.IP3=I2C1
Mcu.IP4=I2C3
Mcu.IP5=I2C4
Mcu.IP6=NVIC
Mcu.IP7=QUADSPI1
Mcu.IP8=RCC
Mcu.IP9=RTC
Mcu.IPNb=23
Mcu.Name=STM32G473Q(B-C-E)Tx
Mcu.Package=LQFP128
Mcu.Pin0=PE2
Mcu.Pin1=PE3
Mcu.Pin10=PF5
Mcu.Pin100=PB6
Mcu.Pin101=PB7
Mcu.Pin102=PB8-BOOT0
Mcu.Pin103=PB9
Mcu.Pin104=PE0
Mcu.Pin105=PE1
Mcu.Pin106=VP_RTC_VS_RTC_Activate
Mcu.Pin107=VP_SAI1_VP_$IpInstance_SAIA_SAI_BASIC
Mcu.Pin108=VP_SAI1_VP_$IpInstance_SAIB_SAI_BASIC
Mcu.Pin109=VP_SYS_VS_Systick
Mcu.Pin11=PF7
Mcu.Pin110=VP_SYS_VS_DBSignals
Mcu.Pin111=VP_TIM17_VS_ClockSourceINT
Mcu.Pin112=VP_USBPD_VS_USBPD1
Mcu.Pin113=VP_USBPD_VS_PD3FULL
Mcu.Pin114=VP_USBPD_VS_usbpd_tim1
Mcu.Pin12=PF8
Mcu.Pin13=PF9
Mcu.Pin14=PF10
Mcu.Pin15=PF0-OSC_IN
Mcu.Pin16=PF1-OSC_OUT
Mcu.Pin17=PC0
Mcu.Pin18=PC1
Mcu.Pin19=PC2
Mcu.Pin2=PE4
Mcu.Pin20=PC3
Mcu.Pin21=PF2
Mcu.Pin22=PA0
Mcu.Pin23=PA1
Mcu.Pin24=PA2
Mcu.Pin25=PA3
Mcu.Pin26=PA4
Mcu.Pin27=PA5
Mcu.Pin28=PA6
Mcu.Pin29=PA7
Mcu.Pin3=PE5
Mcu.Pin30=PC4
Mcu.Pin31=PC5
Mcu.Pin32=PB0
Mcu.Pin33=PB1
Mcu.Pin34=PB2
Mcu.Pin35=PF11
Mcu.Pin36=PF12
Mcu.Pin37=PF13
Mcu.Pin38=PF14
Mcu.Pin39=PF15
Mcu.Pin4=PE6
Mcu.Pin40=PE7
Mcu.Pin41=PE8
Mcu.Pin42=PE9
Mcu.Pin43=PE10
Mcu.Pin44=PE11
Mcu.Pin45=PE12
Mcu.Pin46=PE13
Mcu.Pin47=PE14
Mcu.Pin48=PE15
Mcu.Pin49=PB10
Mcu.Pin5=PC13
Mcu.Pin50=PB11
Mcu.Pin51=PB12
Mcu.Pin52=PB13
Mcu.Pin53=PB14
Mcu.Pin54=PB15
Mcu.Pin55=PD8
Mcu.Pin56=PD9
Mcu.Pin57=PD10
Mcu.Pin58=PD11
Mcu.Pin59=PD12
Mcu.Pin6=PC14-OSC32_IN
Mcu.Pin60=PD13
Mcu.Pin61=PD14
Mcu.Pin62=PD15
Mcu.Pin63=PC6
Mcu.Pin64=PC7
Mcu.Pin65=PG0
Mcu.Pin66=PG1
Mcu.Pin67=PG2
Mcu.Pin68=PG3
Mcu.Pin69=PG4
Mcu.Pin7=PC15-OSC32_OUT
Mcu.Pin70=PC8
Mcu.Pin71=PC9
Mcu.Pin72=PA8
Mcu.Pin73=PA9
Mcu.Pin74=PA10
Mcu.Pin75=PA11
Mcu.Pin76=PA12
Mcu.Pin77=PA13
Mcu.Pin78=PF6
Mcu.Pin79=PA14
Mcu.Pin8=PF3
Mcu.Pin80=PA15
Mcu.Pin81=PC10
Mcu.Pin82=PC11
Mcu.Pin83=PC12
Mcu.Pin84=PG5
Mcu.Pin85=PG6
Mcu.Pin86=PG7
Mcu.Pin87=PG8
Mcu.Pin88=PG9
Mcu.Pin89=PD0
Mcu.Pin9=PF4
Mcu.Pin90=PD1
Mcu.Pin91=PD2
Mcu.Pin92=PD3
Mcu.Pin93=PD4
Mcu.Pin94=PD5
Mcu.Pin95=PD6
Mcu.Pin96=PD7
Mcu.Pin97=PB3
Mcu.Pin98=PB4
Mcu.Pin99=PB5
Mcu.PinsNb=115
Mcu.ThirdPartyNb=0
Mcu.UserConstants=
Mcu.UserName=STM32G473QETx
MxCube.Version=6.2.0
MxDb.Version=DB.6.0.20
NVIC.BusFault_IRQn=true\:0\:0\:false\:false\:true\:false\:false
NVIC.DMA1_Channel1_IRQn=true\:0\:0\:false\:false\:true\:false\:true
NVIC.DMA1_Channel2_IRQn=true\:0\:0\:false\:false\:true\:false\:true
NVIC.DebugMonitor_IRQn=true\:0\:0\:false\:false\:true\:false\:false
NVIC.ForceEnableDMAVector=true
NVIC.HardFault_IRQn=true\:0\:0\:false\:false\:true\:false\:false
NVIC.MemoryManagement_IRQn=true\:0\:0\:false\:false\:true\:false\:false
NVIC.NonMaskableInt_IRQn=true\:0\:0\:false\:false\:true\:false\:false
NVIC.PendSV_IRQn=true\:0\:0\:false\:false\:true\:false\:false
NVIC.PriorityGroup=NVIC_PRIORITYGROUP_4
NVIC.SVCall_IRQn=true\:0\:0\:false\:false\:true\:false\:false
NVIC.SysTick_IRQn=true\:0\:0\:false\:false\:true\:false\:true
NVIC.UCPD1_IRQn=true\:0\:0\:false\:false\:true\:true\:false
NVIC.UsageFault_IRQn=true\:0\:0\:false\:false\:true\:false\:false
PA0.Signal=S_TIM2_CH1
PA1.Signal=S_TIM2_CH2
PA10.Mode=EnableDeadBattery
PA10.Signal=UCPD1_DBCC2
PA11.Mode=Device
PA11.Signal=USB_DM
PA12.Mode=Device
PA12.Signal=USB_DP
PA13.Mode=Serial_Wire
PA13.Signal=SYS_JTMS-SWDIO
PA14.Mode=Serial_Wire
PA14.Signal=SYS_JTCK-SWCLK
PA15.Mode=NSS_Signal_Hard_Output
PA15.Signal=SPI3_NSS
PA2.Locked=true
PA2.Signal=GPIO_Output
PA3.Locked=true
PA3.Signal=GPIO_Output
PA4.Signal=COMP_DAC11_group
PA5.Locked=true
PA5.Mode=FRSTX_CC2
PA5.Signal=UCPD1_FRSTX1
PA6.Locked=true
PA6.Signal=GPIO_Output
PA7.Locked=true
PA7.Mode=FRSTX_CC2
PA7.Signal=UCPD1_FRSTX2
PA8.Locked=true
PA8.Signal=GPIO_Output
PA9.Mode=EnableDeadBattery
PA9.Signal=UCPD1_DBCC1
PB0.Locked=true
PB0.Signal=GPIO_Output
PB1.Locked=true
PB1.Signal=GPIO_Output
PB10.Locked=true
PB10.Signal=GPIO_Output
PB11.Locked=true
PB11.Signal=GPIO_Output
PB12.Locked=true
PB12.Mode=NSS_Signal_Hard_Output
PB12.Signal=SPI2_NSS
PB13.Locked=true
PB13.Mode=Simplex_Bidirectional_Master
PB13.Signal=SPI2_SCK
PB14.Locked=true
PB14.Mode=CTS_RTS
PB14.Signal=USART3_RTS
PB15.Mode=Simplex_Bidirectional_Master
PB15.Signal=SPI2_MOSI
PB2.Locked=true
PB2.Signal=GPIO_Output
PB3.Locked=true
PB3.Signal=GPIO_Output
PB4.Mode=Dual_Role_AllSignals
PB4.Signal=UCPD1_CC2
PB5.Locked=true
PB5.Signal=GPIO_Output
PB6.Mode=Dual_Role_AllSignals
PB6.Signal=UCPD1_CC1
PB7.Mode=I2C
PB7.Signal=I2C1_SDA
PB8-BOOT0.Locked=true
PB8-BOOT0.Mode=I2C
PB8-BOOT0.Signal=I2C1_SCL
PB9.Locked=true
PB9.Signal=S_TIM17_CH1
PC0.Mode=IN6-Single-Ended
PC0.Signal=ADC1_IN6
PC1.Mode=IN7-Single-Ended
PC1.Signal=ADC1_IN7
PC10.Mode=Full_Duplex_Master
PC10.Signal=SPI3_SCK
PC11.Mode=Full_Duplex_Master
PC11.Signal=SPI3_MISO
PC12.Mode=Full_Duplex_Master
PC12.Signal=SPI3_MOSI
PC13.Locked=true
PC13.Mode=SYS_WakeUp1
PC13.Signal=SYS_WKUP2
PC14-OSC32_IN.Mode=LSE-External-Clock-Source
PC14-OSC32_IN.Signal=RCC_OSC32_IN
PC15-OSC32_OUT.Locked=true
PC15-OSC32_OUT.Signal=GPIO_Input
PC2.Mode=IN8-Single-Ended
PC2.Signal=ADC1_IN8
PC3.Locked=true
PC3.Signal=GPIO_Output
PC4.Mode=Asynchronous
PC4.Signal=USART1_TX
PC5.Mode=Asynchronous
PC5.Signal=USART1_RX
PC6.Locked=true
PC6.Signal=GPIO_Output
PC7.Locked=true
PC7.Signal=GPIO_Output
PC8.Locked=true
PC8.Mode=I2C
PC8.Signal=I2C3_SCL
PC9.Locked=true
PC9.Mode=I2C
PC9.Signal=I2C3_SDA
PD0.Locked=true
PD0.Signal=GPIO_Output
PD1.Locked=true
PD1.Signal=GPIO_Output
PD10.Locked=true
PD10.Signal=GPIO_Output
PD11.Locked=true
PD11.Mode=CTS_RTS
PD11.Signal=USART3_CTS
PD12.Signal=S_TIM4_CH1
PD13.Signal=S_TIM4_CH2
PD14.Locked=true
PD14.Signal=GPIO_Output
PD15.Locked=true
PD15.Signal=GPIO_Output
PD2.Locked=true
PD2.Signal=GPIO_Output
PD3.Mode=CTS_RTS
PD3.Signal=USART2_CTS
PD4.Locked=true
PD4.Mode=CTS_RTS
PD4.Signal=USART2_RTS
PD5.Mode=Asynchronous
PD5.Signal=USART2_TX
PD6.Locked=true
PD6.Mode=Asynchronous
PD6.Signal=USART2_RX
PD7.Locked=true
PD7.Signal=GPIO_Output
PD8.Locked=true
PD8.Mode=Asynchronous
PD8.Signal=USART3_TX
PD9.Locked=true
PD9.Mode=Asynchronous
PD9.Signal=USART3_RX
PE0.Locked=true
PE0.Signal=GPIO_Output
PE1.Locked=true
PE1.Signal=GPIO_Output
PE10.Locked=true
PE10.Mode=Single Bank 1
PE10.Signal=QUADSPI1_CLK
PE11.Mode=Single Bank 1
PE11.Signal=QUADSPI1_BK1_NCS
PE12.Locked=true
PE12.Mode=Single Bank 1
PE12.Signal=QUADSPI1_BK1_IO0
PE13.Locked=true
PE13.Mode=Single Bank 1
PE13.Signal=QUADSPI1_BK1_IO1
PE14.Locked=true
PE14.Mode=Single Bank 1
PE14.Signal=QUADSPI1_BK1_IO2
PE15.Locked=true
PE15.Mode=Single Bank 1
PE15.Signal=QUADSPI1_BK1_IO3
PE2.Mode=SAI_A_MasterWithClock
PE2.Signal=SAI1_MCLK_A
PE3.Mode=SAI_B_SyncSlave
PE3.Signal=SAI1_SD_B
PE4.Mode=SAI_A_MasterWithClock
PE4.Signal=SAI1_FS_A
PE5.Mode=SAI_A_MasterWithClock
PE5.Signal=SAI1_SCK_A
PE6.Mode=SAI_A_MasterWithClock
PE6.Signal=SAI1_SD_A
PE7.Locked=true
PE7.Signal=GPIO_Output
PE8.Locked=true
PE8.Signal=GPIO_Output
PE9.Locked=true
PE9.Signal=GPIO_Output
PF0-OSC_IN.Locked=true
PF0-OSC_IN.Signal=GPIO_Output
PF1-OSC_OUT.Locked=true
PF1-OSC_OUT.Signal=GPIO_Output
PF10.Locked=true
PF10.Signal=GPIO_Output
PF11.Locked=true
PF11.Signal=GPIO_Output
PF12.Locked=true
PF12.Signal=GPIO_Output
PF13.Locked=true
PF13.Signal=GPIO_Output
PF14.Locked=true
PF14.Signal=GPIO_Output
PF15.Locked=true
PF15.Signal=GPIO_Output
PF2.Locked=true
PF2.Signal=GPIO_Output
PF3.Locked=true
PF3.Signal=GPIO_Output
PF4.Locked=true
PF4.Signal=GPIO_Output
PF5.Locked=true
PF5.Signal=GPIO_Output
PF6.Locked=true
PF6.Signal=GPIO_Output
PF7.Locked=true
PF7.Signal=GPIO_Output
PF8.Locked=true
PF8.Signal=GPIO_Output
PF9.Locked=true
PF9.Signal=GPIO_Output
PG0.Locked=true
PG0.Signal=GPIO_Output
PG1.Locked=true
PG1.Signal=GPIO_Output
PG2.Locked=true
PG2.Signal=GPIO_Output
PG3.Locked=true
PG3.Mode=I2C
PG3.Signal=I2C4_SCL
PG4.Locked=true
PG4.Mode=I2C
PG4.Signal=I2C4_SDA
PG5.Locked=true
PG5.Signal=GPIO_Output
PG6.Locked=true
PG6.Signal=GPIO_Output
PG7.Locked=true
PG7.Signal=GPIO_Output
PG8.Locked=true
PG8.Signal=GPIO_Output
PG9.Locked=true
PG9.Signal=GPIO_Output
PinOutPanel.RotationAngle=0
ProjectManager.AskForMigrate=true
ProjectManager.BackupPrevious=false
ProjectManager.CompilerOptimize=6
ProjectManager.ComputerToolchain=false
ProjectManager.CoupleFile=false
ProjectManager.CustomerFirmwarePackage=
ProjectManager.DefaultFWLocation=true
ProjectManager.DeletePrevious=true
ProjectManager.DeviceId=STM32G473QETx
ProjectManager.FirmwarePackage=STM32Cube FW_G4 V1.4.0
ProjectManager.FreePins=false
ProjectManager.HalAssertFull=false
ProjectManager.HeapSize=0x200
ProjectManager.KeepUserCode=true
ProjectManager.LastFirmware=true
ProjectManager.LibraryCopy=1
ProjectManager.MainLocation=Core/Src
ProjectManager.NoMain=false
ProjectManager.PreviousToolchain=
ProjectManager.ProjectBuild=false
ProjectManager.ProjectFileName=STM32G473QETx.ioc
ProjectManager.ProjectName=STM32G473QETx
ProjectManager.RegisterCallBack=
ProjectManager.StackSize=0x400
ProjectManager.TargetToolchain=STM32CubeIDE
ProjectManager.ToolChainLocation=
ProjectManager.UnderRoot=false
ProjectManager.functionlistsort=1-MX_GPIO_Init-GPIO-false-HAL-true,2-MX_DMA_Init-DMA-false-HAL-true,3-SystemClock_Config-RCC-false-HAL-false,4-MX_ADC1_Init-ADC1-false-HAL-true,5-MX_DAC1_Init-DAC1-false-HAL-true,6-MX_I2C1_Init-I2C1-false-HAL-true,7-MX_I2C3_Init-I2C3-false-HAL-true,8-MX_I2C4_Init-I2C4-false-HAL-true,9-MX_QUADSPI1_Init-QUADSPI1-false-HAL-true,10-MX_RTC_Init-RTC-false-HAL-true,11-MX_SAI1_Init-SAI1-false-HAL-true,12-MX_SPI2_Init-SPI2-false-HAL-true,13-MX_SPI3_Init-SPI3-false-HAL-true,14-MX_UCPD1_Init-UCPD1-false-LL-true,15-MX_USART1_UART_Init-USART1-false-HAL-true,16-MX_USART2_UART_Init-USART2-false-HAL-true,17-MX_USART3_UART_Init-USART3-false-HAL-true,18-MX_USB_PCD_Init-USB-false-HAL-true,19-MX_USBPD_Init-USBPD-false-HAL-false,20-MX_TIM2_Init-TIM2-false-HAL-true,21-MX_TIM4_Init-TIM4-false-HAL-true,22-MX_TIM17_Init-TIM17-false-HAL-true,23-MX_TIM20_Init-TIM20-false-HAL-true
RCC.AHBFreq_Value=16000000
RCC.APB1Freq_Value=16000000
RCC.APB1TimFreq_Value=16000000
RCC.APB2Freq_Value=16000000
RCC.APB2TimFreq_Value=16000000
RCC.CRSFreq_Value=48000000
RCC.CortexFreq_Value=16000000
RCC.EXTERNAL_CLOCK_VALUE=12288000
RCC.FCLKCortexFreq_Value=16000000
RCC.FDCANFreq_Value=16000000
RCC.FamilyName=M
RCC.HCLKFreq_Value=16000000
RCC.HRTIM1Freq_Value=16000000
RCC.HSE_VALUE=8000000
RCC.HSI48_VALUE=48000000
RCC.HSI_VALUE=16000000
RCC.I2C1Freq_Value=16000000
RCC.I2C2Freq_Value=16000000
RCC.I2C3Freq_Value=16000000
RCC.I2C4Freq_Value=16000000
RCC.I2SFreq_Value=16000000
RCC.IPParameters=AHBFreq_Value,APB1Freq_Value,APB1TimFreq_Value,APB2Freq_Value,APB2TimFreq_Value,CRSFreq_Value,CortexFreq_Value,EXTERNAL_CLOCK_VALUE,FCLKCortexFreq_Value,FDCANFreq_Value,FamilyName,HCLKFreq_Value,HRTIM1Freq_Value,HSE_VALUE,HSI48_VALUE,HSI_VALUE,I2C1Freq_Value,I2C2Freq_Value,I2C3Freq_Value,I2C4Freq_Value,I2SFreq_Value,LPTIM1Freq_Value,LPUART1Freq_Value,LSCOPinFreq_Value,LSE_VALUE,LSI_VALUE,MCO1PinFreq_Value,PLLN,PLLPoutputFreq_Value,PLLQ,PLLQoutputFreq_Value,PLLRCLKFreq_Value,PWRFreq_Value,QSPIFreq_Value,RNGFreq_Value,RTCClockSelection,RTCFreq_Value,SAI1Freq_Value,SYSCLKFreq_VALUE,UART4Freq_Value,UART5Freq_Value,USART1Freq_Value,USART2Freq_Value,USART3Freq_Value,USBFreq_Value,VCOInputFreq_Value,VCOOutputFreq_Value
RCC.LPTIM1Freq_Value=16000000
RCC.LPUART1Freq_Value=16000000
RCC.LSCOPinFreq_Value=32000
RCC.LSE_VALUE=32768
RCC.LSI_VALUE=32000
RCC.MCO1PinFreq_Value=16000000
RCC.PLLN=12
RCC.PLLPoutputFreq_Value=96000000
RCC.PLLQ=RCC_PLLQ_DIV4
RCC.PLLQoutputFreq_Value=48000000
RCC.PLLRCLKFreq_Value=96000000
RCC.PWRFreq_Value=16000000
RCC.QSPIFreq_Value=16000000
RCC.RNGFreq_Value=48000000
RCC.RTCClockSelection=RCC_RTCCLKSOURCE_LSE
RCC.RTCFreq_Value=32768
RCC.SAI1Freq_Value=16000000
RCC.SYSCLKFreq_VALUE=16000000
RCC.UART4Freq_Value=16000000
RCC.UART5Freq_Value=16000000
RCC.USART1Freq_Value=16000000
RCC.USART2Freq_Value=16000000
RCC.USART3Freq_Value=16000000
RCC.USBFreq_Value=48000000
RCC.VCOInputFreq_Value=16000000
RCC.VCOOutputFreq_Value=192000000
SAI1.ErrorAudioFreq-SAI_A_MasterWithClock=-67.44 %
SAI1.IPParameters=Instance-SAI_A_MasterWithClock,VirtualMode-SAI_A_MasterWithClock,MckOutput-SAI_A_MasterWithClock,RealAudioFreq-SAI_A_MasterWithClock,ErrorAudioFreq-SAI_A_MasterWithClock,Instance-SAI_B_SyncSlave,VirtualMode-SAI_B_SyncSlave,InitProtocol-SAI_A_MasterWithClock,VirtualProtocol-SAI_A_BASIC,InitProtocol-SAI_B_SyncSlave,VirtualProtocol-SAI_B_BASIC
SAI1.InitProtocol-SAI_A_MasterWithClock=Enable
SAI1.InitProtocol-SAI_B_SyncSlave=Enable
SAI1.Instance-SAI_A_MasterWithClock=SAI$Index_Block_A
SAI1.Instance-SAI_B_SyncSlave=SAI$Index_Block_B
SAI1.MckOutput-SAI_A_MasterWithClock=SAI_MCK_OUTPUT_ENABLE
SAI1.RealAudioFreq-SAI_A_MasterWithClock=62.5 KHz
SAI1.VirtualMode-SAI_A_MasterWithClock=VM_MASTER
SAI1.VirtualMode-SAI_B_SyncSlave=VM_SLAVE
SAI1.VirtualProtocol-SAI_A_BASIC=VM_BASIC_PROTOCOL
SAI1.VirtualProtocol-SAI_B_BASIC=VM_BASIC_PROTOCOL
SH.COMP_DAC11_group.0=DAC1_OUT1,DAC_OUT1
SH.COMP_DAC11_group.ConfNb=1
SH.S_TIM17_CH1.0=TIM17_CH1,PWM Generation1 CH1
SH.S_TIM17_CH1.ConfNb=1
SH.S_TIM2_CH1.0=TIM2_CH1,Input_Capture1_from_TI1
SH.S_TIM2_CH1.ConfNb=1
SH.S_TIM2_CH2.0=TIM2_CH2,PWM Generation2 CH2
SH.S_TIM2_CH2.ConfNb=1
SH.S_TIM4_CH1.0=TIM4_CH1,PWM Generation1 CH1
SH.S_TIM4_CH1.ConfNb=1
SH.S_TIM4_CH2.0=TIM4_CH2,PWM Generation2 CH2
SH.S_TIM4_CH2.ConfNb=1
SPI2.CalculateBaudRate=8.0 MBits/s
SPI2.Direction=SPI_DIRECTION_1LINE
SPI2.IPParameters=VirtualType,Mode,Direction,CalculateBaudRate,VirtualNSS
SPI2.Mode=SPI_MODE_MASTER
SPI2.VirtualNSS=VM_NSSHARD
SPI2.VirtualType=VM_MASTER
SPI3.CalculateBaudRate=8.0 MBits/s
SPI3.Direction=SPI_DIRECTION_2LINES
SPI3.IPParameters=VirtualType,Mode,Direction,CalculateBaudRate,VirtualNSS
SPI3.Mode=SPI_MODE_MASTER
SPI3.VirtualNSS=VM_NSSHARD
SPI3.VirtualType=VM_MASTER
TIM17.Channel=TIM_CHANNEL_1
TIM17.IPParameters=Channel
TIM2.Channel-Input_Capture1_from_TI1=TIM_CHANNEL_1
TIM2.Channel-PWM\ Generation2\ CH2=TIM_CHANNEL_2
TIM2.IPParameters=Channel-PWM Generation2 CH2,Channel-Input_Capture1_from_TI1
TIM4.Channel-PWM\ Generation1\ CH1=TIM_CHANNEL_1
TIM4.Channel-PWM\ Generation2\ CH2=TIM_CHANNEL_2
TIM4.IPParameters=Channel-PWM Generation1 CH1,Channel-PWM Generation2 CH2
USART1.IPParameters=VirtualMode-Asynchronous
USART1.VirtualMode-Asynchronous=VM_ASYNC
USART2.IPParameters=VirtualMode-Asynchronous
USART2.VirtualMode-Asynchronous=VM_ASYNC
USART3.IPParameters=VirtualMode-Asynchronous
USART3.VirtualMode-Asynchronous=VM_ASYNC
VP_RTC_VS_RTC_Activate.Mode=RTC_Enabled
VP_RTC_VS_RTC_Activate.Signal=RTC_VS_RTC_Activate
VP_SAI1_VP_$IpInstance_SAIA_SAI_BASIC.Mode=SAI_A_BASIC
VP_SAI1_VP_$IpInstance_SAIA_SAI_BASIC.Signal=SAI1_VP_$IpInstance_SAIA_SAI_BASIC
VP_SAI1_VP_$IpInstance_SAIB_SAI_BASIC.Mode=SAI_B_BASIC
VP_SAI1_VP_$IpInstance_SAIB_SAI_BASIC.Signal=SAI1_VP_$IpInstance_SAIB_SAI_BASIC
VP_SYS_VS_DBSignals.Mode=DisableDeadBatterySignals
VP_SYS_VS_DBSignals.Signal=SYS_VS_DBSignals
VP_SYS_VS_Systick.Mode=SysTick
VP_SYS_VS_Systick.Signal=SYS_VS_Systick
VP_TIM17_VS_ClockSourceINT.Mode=Enable_Timer
VP_TIM17_VS_ClockSourceINT.Signal=TIM17_VS_ClockSourceINT
VP_USBPD_VS_PD3FULL.Mode=PD3_Full_Stack
VP_USBPD_VS_PD3FULL.Signal=USBPD_VS_PD3FULL
VP_USBPD_VS_USBPD1.Mode=USBPD_P0
VP_USBPD_VS_USBPD1.Signal=USBPD_VS_USBPD1
VP_USBPD_VS_usbpd_tim1.Mode=TIM1
VP_USBPD_VS_usbpd_tim1.Signal=USBPD_VS_usbpd_tim1
board=custom
